// !$*UTF8*$!
{
	archiveVersion = 1;
	classes = {
	};
	objectVersion = 46;
	objects = {

/* Begin PBXBuildFile section */
		AB5A76E51C4599F900B89F27 /* ProfileViewController.swift in Sources */ = {isa = PBXBuildFile; fileRef = AB5A76E41C4599F900B89F27 /* ProfileViewController.swift */; };
		AB653F311C1FAD81008C8AB3 /* Bolts.framework in Frameworks */ = {isa = PBXBuildFile; fileRef = AB653F2E1C1FAD81008C8AB3 /* Bolts.framework */; };
		AB653F321C1FAD81008C8AB3 /* Parse.framework in Frameworks */ = {isa = PBXBuildFile; fileRef = AB653F2F1C1FAD81008C8AB3 /* Parse.framework */; };
		AB653F331C1FAD81008C8AB3 /* ParseUI.framework in Frameworks */ = {isa = PBXBuildFile; fileRef = AB653F301C1FAD81008C8AB3 /* ParseUI.framework */; };
		AB653F351C1FADDB008C8AB3 /* AudioToolbox.framework in Frameworks */ = {isa = PBXBuildFile; fileRef = AB653F341C1FADDB008C8AB3 /* AudioToolbox.framework */; };
		AB653F371C1FADE7008C8AB3 /* CFNetwork.framework in Frameworks */ = {isa = PBXBuildFile; fileRef = AB653F361C1FADE7008C8AB3 /* CFNetwork.framework */; };
		AB653F391C1FADF2008C8AB3 /* CoreGraphics.framework in Frameworks */ = {isa = PBXBuildFile; fileRef = AB653F381C1FADF2008C8AB3 /* CoreGraphics.framework */; };
		AB653F3B1C1FADFA008C8AB3 /* CoreLocation.framework in Frameworks */ = {isa = PBXBuildFile; fileRef = AB653F3A1C1FADFA008C8AB3 /* CoreLocation.framework */; };
		AB653F3D1C1FAE04008C8AB3 /* QuartzCore.framework in Frameworks */ = {isa = PBXBuildFile; fileRef = AB653F3C1C1FAE04008C8AB3 /* QuartzCore.framework */; };
		AB653F3F1C1FAE0C008C8AB3 /* Security.framework in Frameworks */ = {isa = PBXBuildFile; fileRef = AB653F3E1C1FAE0C008C8AB3 /* Security.framework */; };
		AB653F411C1FAE15008C8AB3 /* StoreKit.framework in Frameworks */ = {isa = PBXBuildFile; fileRef = AB653F401C1FAE15008C8AB3 /* StoreKit.framework */; };
		AB653F431C1FAE20008C8AB3 /* SystemConfiguration.framework in Frameworks */ = {isa = PBXBuildFile; fileRef = AB653F421C1FAE20008C8AB3 /* SystemConfiguration.framework */; };
		AB653F451C1FAE2B008C8AB3 /* libz.tbd in Frameworks */ = {isa = PBXBuildFile; fileRef = AB653F441C1FAE2B008C8AB3 /* libz.tbd */; };
		AB653F471C1FAE3B008C8AB3 /* libsqlite3.tbd in Frameworks */ = {isa = PBXBuildFile; fileRef = AB653F461C1FAE3B008C8AB3 /* libsqlite3.tbd */; };
		ABA446471C23777E00B1A39F /* Login.storyboard in Resources */ = {isa = PBXBuildFile; fileRef = ABA446461C23777E00B1A39F /* Login.storyboard */; };
		ABA446491C2377DF00B1A39F /* WelcomeViewController.swift in Sources */ = {isa = PBXBuildFile; fileRef = ABA446481C2377DF00B1A39F /* WelcomeViewController.swift */; };
		ABA4464C1C23C92F00B1A39F /* MyLogInViewController.swift in Sources */ = {isa = PBXBuildFile; fileRef = ABA4464B1C23C92F00B1A39F /* MyLogInViewController.swift */; };
		ABA4464E1C23CB0A00B1A39F /* MySignUpViewController.swift in Sources */ = {isa = PBXBuildFile; fileRef = ABA4464D1C23CB0A00B1A39F /* MySignUpViewController.swift */; };
		ABA446501C23E99A00B1A39F /* SettingsViewController.swift in Sources */ = {isa = PBXBuildFile; fileRef = ABA4464F1C23E99A00B1A39F /* SettingsViewController.swift */; };
		ABA446531C23FA0D00B1A39F /* ConnectionsTableViewCell.swift in Sources */ = {isa = PBXBuildFile; fileRef = ABA446521C23FA0D00B1A39F /* ConnectionsTableViewCell.swift */; };
		ABA446551C23FB0600B1A39F /* ConnectionsTableViewController.swift in Sources */ = {isa = PBXBuildFile; fileRef = ABA446541C23FB0600B1A39F /* ConnectionsTableViewController.swift */; };
		ABA4465E1C24FA7300B1A39F /* MainTabBarController.swift in Sources */ = {isa = PBXBuildFile; fileRef = ABA4465D1C24FA7300B1A39F /* MainTabBarController.swift */; };
		ABAAC4C91C41D89F00CA20E0 /* LogOutViewController.swift in Sources */ = {isa = PBXBuildFile; fileRef = ABAAC4C81C41D89F00CA20E0 /* LogOutViewController.swift */; };
		ABAAC4CD1C4332DA00CA20E0 /* Position.swift in Sources */ = {isa = PBXBuildFile; fileRef = ABAAC4CC1C4332DA00CA20E0 /* Position.swift */; };
		ABAAC4CF1C43330200CA20E0 /* PositionEditTableViewController.swift in Sources */ = {isa = PBXBuildFile; fileRef = ABAAC4CE1C43330200CA20E0 /* PositionEditTableViewController.swift */; };
		ABAAC4D11C43347B00CA20E0 /* PositionTableViewController.swift in Sources */ = {isa = PBXBuildFile; fileRef = ABAAC4D01C43347B00CA20E0 /* PositionTableViewController.swift */; };
		ABAAC4D31C4334E400CA20E0 /* PositionDetailViewController.swift in Sources */ = {isa = PBXBuildFile; fileRef = ABAAC4D21C4334E400CA20E0 /* PositionDetailViewController.swift */; };
		ABAAC4D51C43351600CA20E0 /* PositionTableViewCell.swift in Sources */ = {isa = PBXBuildFile; fileRef = ABAAC4D41C43351600CA20E0 /* PositionTableViewCell.swift */; };
		ABC562A11C44F91A00566D88 /* PositionDetailTableViewController.swift in Sources */ = {isa = PBXBuildFile; fileRef = ABC562A01C44F91A00566D88 /* PositionDetailTableViewController.swift */; };
		ABDB3C5E1C2670A100C1F7F2 /* NewsfeedTableViewController.swift in Sources */ = {isa = PBXBuildFile; fileRef = ABDB3C5D1C2670A100C1F7F2 /* NewsfeedTableViewController.swift */; };
		ABDB3C601C26721F00C1F7F2 /* NewsfeedTableViewCell.swift in Sources */ = {isa = PBXBuildFile; fileRef = ABDB3C5F1C26721F00C1F7F2 /* NewsfeedTableViewCell.swift */; };
		ABDB3C631C2682A800C1F7F2 /* MoreTableViewController.swift in Sources */ = {isa = PBXBuildFile; fileRef = ABDB3C621C2682A800C1F7F2 /* MoreTableViewController.swift */; };
		ABDB3C651C2682B500C1F7F2 /* MoreTableViewCell.swift in Sources */ = {isa = PBXBuildFile; fileRef = ABDB3C641C2682B500C1F7F2 /* MoreTableViewCell.swift */; };
		ABEFEF191C1C15DC00AD9EFF /* AppDelegate.swift in Sources */ = {isa = PBXBuildFile; fileRef = ABEFEF181C1C15DC00AD9EFF /* AppDelegate.swift */; };
		ABEFEF1E1C1C15DC00AD9EFF /* Main.storyboard in Resources */ = {isa = PBXBuildFile; fileRef = ABEFEF1C1C1C15DC00AD9EFF /* Main.storyboard */; };
		ABEFEF201C1C15DC00AD9EFF /* Assets.xcassets in Resources */ = {isa = PBXBuildFile; fileRef = ABEFEF1F1C1C15DC00AD9EFF /* Assets.xcassets */; };
		ABEFEF231C1C15DC00AD9EFF /* LaunchScreen.storyboard in Resources */ = {isa = PBXBuildFile; fileRef = ABEFEF211C1C15DC00AD9EFF /* LaunchScreen.storyboard */; };
		ABEFEF2E1C1C15DC00AD9EFF /* JobThirstyTests.swift in Sources */ = {isa = PBXBuildFile; fileRef = ABEFEF2D1C1C15DC00AD9EFF /* JobThirstyTests.swift */; };
		ABEFEF391C1C15DC00AD9EFF /* JobThirstyUITests.swift in Sources */ = {isa = PBXBuildFile; fileRef = ABEFEF381C1C15DC00AD9EFF /* JobThirstyUITests.swift */; };
/* End PBXBuildFile section */

/* Begin PBXContainerItemProxy section */
		ABEFEF2A1C1C15DC00AD9EFF /* PBXContainerItemProxy */ = {
			isa = PBXContainerItemProxy;
			containerPortal = ABEFEF0D1C1C15DC00AD9EFF /* Project object */;
			proxyType = 1;
			remoteGlobalIDString = ABEFEF141C1C15DC00AD9EFF;
			remoteInfo = JobThirsty;
		};
		ABEFEF351C1C15DC00AD9EFF /* PBXContainerItemProxy */ = {
			isa = PBXContainerItemProxy;
			containerPortal = ABEFEF0D1C1C15DC00AD9EFF /* Project object */;
			proxyType = 1;
			remoteGlobalIDString = ABEFEF141C1C15DC00AD9EFF;
			remoteInfo = JobThirsty;
		};
/* End PBXContainerItemProxy section */

/* Begin PBXFileReference section */
		AB5A76E41C4599F900B89F27 /* ProfileViewController.swift */ = {isa = PBXFileReference; fileEncoding = 4; lastKnownFileType = sourcecode.swift; path = ProfileViewController.swift; sourceTree = "<group>"; };
		AB653F2E1C1FAD81008C8AB3 /* Bolts.framework */ = {isa = PBXFileReference; lastKnownFileType = wrapper.framework; path = Bolts.framework; sourceTree = "<group>"; };
		AB653F2F1C1FAD81008C8AB3 /* Parse.framework */ = {isa = PBXFileReference; lastKnownFileType = wrapper.framework; path = Parse.framework; sourceTree = "<group>"; };
		AB653F301C1FAD81008C8AB3 /* ParseUI.framework */ = {isa = PBXFileReference; lastKnownFileType = wrapper.framework; path = ParseUI.framework; sourceTree = "<group>"; };
		AB653F341C1FADDB008C8AB3 /* AudioToolbox.framework */ = {isa = PBXFileReference; lastKnownFileType = wrapper.framework; name = AudioToolbox.framework; path = System/Library/Frameworks/AudioToolbox.framework; sourceTree = SDKROOT; };
		AB653F361C1FADE7008C8AB3 /* CFNetwork.framework */ = {isa = PBXFileReference; lastKnownFileType = wrapper.framework; name = CFNetwork.framework; path = System/Library/Frameworks/CFNetwork.framework; sourceTree = SDKROOT; };
		AB653F381C1FADF2008C8AB3 /* CoreGraphics.framework */ = {isa = PBXFileReference; lastKnownFileType = wrapper.framework; name = CoreGraphics.framework; path = System/Library/Frameworks/CoreGraphics.framework; sourceTree = SDKROOT; };
		AB653F3A1C1FADFA008C8AB3 /* CoreLocation.framework */ = {isa = PBXFileReference; lastKnownFileType = wrapper.framework; name = CoreLocation.framework; path = System/Library/Frameworks/CoreLocation.framework; sourceTree = SDKROOT; };
		AB653F3C1C1FAE04008C8AB3 /* QuartzCore.framework */ = {isa = PBXFileReference; lastKnownFileType = wrapper.framework; name = QuartzCore.framework; path = System/Library/Frameworks/QuartzCore.framework; sourceTree = SDKROOT; };
		AB653F3E1C1FAE0C008C8AB3 /* Security.framework */ = {isa = PBXFileReference; lastKnownFileType = wrapper.framework; name = Security.framework; path = System/Library/Frameworks/Security.framework; sourceTree = SDKROOT; };
		AB653F401C1FAE15008C8AB3 /* StoreKit.framework */ = {isa = PBXFileReference; lastKnownFileType = wrapper.framework; name = StoreKit.framework; path = System/Library/Frameworks/StoreKit.framework; sourceTree = SDKROOT; };
		AB653F421C1FAE20008C8AB3 /* SystemConfiguration.framework */ = {isa = PBXFileReference; lastKnownFileType = wrapper.framework; name = SystemConfiguration.framework; path = System/Library/Frameworks/SystemConfiguration.framework; sourceTree = SDKROOT; };
		AB653F441C1FAE2B008C8AB3 /* libz.tbd */ = {isa = PBXFileReference; lastKnownFileType = "sourcecode.text-based-dylib-definition"; name = libz.tbd; path = usr/lib/libz.tbd; sourceTree = SDKROOT; };
		AB653F461C1FAE3B008C8AB3 /* libsqlite3.tbd */ = {isa = PBXFileReference; lastKnownFileType = "sourcecode.text-based-dylib-definition"; name = libsqlite3.tbd; path = usr/lib/libsqlite3.tbd; sourceTree = SDKROOT; };
		ABA446461C23777E00B1A39F /* Login.storyboard */ = {isa = PBXFileReference; fileEncoding = 4; lastKnownFileType = file.storyboard; path = Login.storyboard; sourceTree = "<group>"; };
		ABA446481C2377DF00B1A39F /* WelcomeViewController.swift */ = {isa = PBXFileReference; fileEncoding = 4; lastKnownFileType = sourcecode.swift; path = WelcomeViewController.swift; sourceTree = "<group>"; wrapsLines = 0; };
		ABA4464B1C23C92F00B1A39F /* MyLogInViewController.swift */ = {isa = PBXFileReference; fileEncoding = 4; lastKnownFileType = sourcecode.swift; path = MyLogInViewController.swift; sourceTree = "<group>"; };
		ABA4464D1C23CB0A00B1A39F /* MySignUpViewController.swift */ = {isa = PBXFileReference; fileEncoding = 4; lastKnownFileType = sourcecode.swift; path = MySignUpViewController.swift; sourceTree = "<group>"; };
		ABA4464F1C23E99A00B1A39F /* SettingsViewController.swift */ = {isa = PBXFileReference; fileEncoding = 4; lastKnownFileType = sourcecode.swift; path = SettingsViewController.swift; sourceTree = "<group>"; };
		ABA446521C23FA0D00B1A39F /* ConnectionsTableViewCell.swift */ = {isa = PBXFileReference; fileEncoding = 4; lastKnownFileType = sourcecode.swift; path = ConnectionsTableViewCell.swift; sourceTree = "<group>"; };
		ABA446541C23FB0600B1A39F /* ConnectionsTableViewController.swift */ = {isa = PBXFileReference; fileEncoding = 4; lastKnownFileType = sourcecode.swift; path = ConnectionsTableViewController.swift; sourceTree = "<group>"; };
		ABA4465D1C24FA7300B1A39F /* MainTabBarController.swift */ = {isa = PBXFileReference; fileEncoding = 4; lastKnownFileType = sourcecode.swift; path = MainTabBarController.swift; sourceTree = "<group>"; };
		ABAAC4C81C41D89F00CA20E0 /* LogOutViewController.swift */ = {isa = PBXFileReference; fileEncoding = 4; lastKnownFileType = sourcecode.swift; path = LogOutViewController.swift; sourceTree = "<group>"; wrapsLines = 1; };
		ABAAC4CC1C4332DA00CA20E0 /* Position.swift */ = {isa = PBXFileReference; fileEncoding = 4; lastKnownFileType = sourcecode.swift; path = Position.swift; sourceTree = "<group>"; };
		ABAAC4CE1C43330200CA20E0 /* PositionEditTableViewController.swift */ = {isa = PBXFileReference; fileEncoding = 4; lastKnownFileType = sourcecode.swift; path = PositionEditTableViewController.swift; sourceTree = "<group>"; };
		ABAAC4D01C43347B00CA20E0 /* PositionTableViewController.swift */ = {isa = PBXFileReference; fileEncoding = 4; lastKnownFileType = sourcecode.swift; path = PositionTableViewController.swift; sourceTree = "<group>"; };
		ABAAC4D21C4334E400CA20E0 /* PositionDetailViewController.swift */ = {isa = PBXFileReference; fileEncoding = 4; lastKnownFileType = sourcecode.swift; path = PositionDetailViewController.swift; sourceTree = "<group>"; };
		ABAAC4D41C43351600CA20E0 /* PositionTableViewCell.swift */ = {isa = PBXFileReference; fileEncoding = 4; lastKnownFileType = sourcecode.swift; path = PositionTableViewCell.swift; sourceTree = "<group>"; };
		ABC562A01C44F91A00566D88 /* PositionDetailTableViewController.swift */ = {isa = PBXFileReference; fileEncoding = 4; lastKnownFileType = sourcecode.swift; path = PositionDetailTableViewController.swift; sourceTree = "<group>"; };
		ABDB3C5D1C2670A100C1F7F2 /* NewsfeedTableViewController.swift */ = {isa = PBXFileReference; fileEncoding = 4; lastKnownFileType = sourcecode.swift; path = NewsfeedTableViewController.swift; sourceTree = "<group>"; };
		ABDB3C5F1C26721F00C1F7F2 /* NewsfeedTableViewCell.swift */ = {isa = PBXFileReference; fileEncoding = 4; lastKnownFileType = sourcecode.swift; path = NewsfeedTableViewCell.swift; sourceTree = "<group>"; };
		ABDB3C621C2682A800C1F7F2 /* MoreTableViewController.swift */ = {isa = PBXFileReference; fileEncoding = 4; lastKnownFileType = sourcecode.swift; path = MoreTableViewController.swift; sourceTree = "<group>"; };
		ABDB3C641C2682B500C1F7F2 /* MoreTableViewCell.swift */ = {isa = PBXFileReference; fileEncoding = 4; lastKnownFileType = sourcecode.swift; path = MoreTableViewCell.swift; sourceTree = "<group>"; };
		ABEFEF151C1C15DC00AD9EFF /* JobThirsty.app */ = {isa = PBXFileReference; explicitFileType = wrapper.application; includeInIndex = 0; path = JobThirsty.app; sourceTree = BUILT_PRODUCTS_DIR; };
		ABEFEF181C1C15DC00AD9EFF /* AppDelegate.swift */ = {isa = PBXFileReference; lastKnownFileType = sourcecode.swift; path = AppDelegate.swift; sourceTree = "<group>"; };
		ABEFEF1D1C1C15DC00AD9EFF /* Base */ = {isa = PBXFileReference; lastKnownFileType = file.storyboard; name = Base; path = Base.lproj/Main.storyboard; sourceTree = "<group>"; };
		ABEFEF1F1C1C15DC00AD9EFF /* Assets.xcassets */ = {isa = PBXFileReference; lastKnownFileType = folder.assetcatalog; path = Assets.xcassets; sourceTree = "<group>"; };
		ABEFEF221C1C15DC00AD9EFF /* Base */ = {isa = PBXFileReference; lastKnownFileType = file.storyboard; name = Base; path = Base.lproj/LaunchScreen.storyboard; sourceTree = "<group>"; };
		ABEFEF241C1C15DC00AD9EFF /* Info.plist */ = {isa = PBXFileReference; lastKnownFileType = text.plist.xml; path = Info.plist; sourceTree = "<group>"; };
		ABEFEF291C1C15DC00AD9EFF /* JobThirstyTests.xctest */ = {isa = PBXFileReference; explicitFileType = wrapper.cfbundle; includeInIndex = 0; path = JobThirstyTests.xctest; sourceTree = BUILT_PRODUCTS_DIR; };
		ABEFEF2D1C1C15DC00AD9EFF /* JobThirstyTests.swift */ = {isa = PBXFileReference; lastKnownFileType = sourcecode.swift; path = JobThirstyTests.swift; sourceTree = "<group>"; };
		ABEFEF2F1C1C15DC00AD9EFF /* Info.plist */ = {isa = PBXFileReference; lastKnownFileType = text.plist.xml; path = Info.plist; sourceTree = "<group>"; };
		ABEFEF341C1C15DC00AD9EFF /* JobThirstyUITests.xctest */ = {isa = PBXFileReference; explicitFileType = wrapper.cfbundle; includeInIndex = 0; path = JobThirstyUITests.xctest; sourceTree = BUILT_PRODUCTS_DIR; };
		ABEFEF381C1C15DC00AD9EFF /* JobThirstyUITests.swift */ = {isa = PBXFileReference; lastKnownFileType = sourcecode.swift; path = JobThirstyUITests.swift; sourceTree = "<group>"; };
		ABEFEF3A1C1C15DC00AD9EFF /* Info.plist */ = {isa = PBXFileReference; lastKnownFileType = text.plist.xml; path = Info.plist; sourceTree = "<group>"; };
/* End PBXFileReference section */

/* Begin PBXFrameworksBuildPhase section */
		ABEFEF121C1C15DC00AD9EFF /* Frameworks */ = {
			isa = PBXFrameworksBuildPhase;
			buildActionMask = 2147483647;
			files = (
				AB653F471C1FAE3B008C8AB3 /* libsqlite3.tbd in Frameworks */,
				AB653F451C1FAE2B008C8AB3 /* libz.tbd in Frameworks */,
				AB653F431C1FAE20008C8AB3 /* SystemConfiguration.framework in Frameworks */,
				AB653F411C1FAE15008C8AB3 /* StoreKit.framework in Frameworks */,
				AB653F3F1C1FAE0C008C8AB3 /* Security.framework in Frameworks */,
				AB653F3D1C1FAE04008C8AB3 /* QuartzCore.framework in Frameworks */,
				AB653F3B1C1FADFA008C8AB3 /* CoreLocation.framework in Frameworks */,
				AB653F391C1FADF2008C8AB3 /* CoreGraphics.framework in Frameworks */,
				AB653F371C1FADE7008C8AB3 /* CFNetwork.framework in Frameworks */,
				AB653F351C1FADDB008C8AB3 /* AudioToolbox.framework in Frameworks */,
				AB653F311C1FAD81008C8AB3 /* Bolts.framework in Frameworks */,
				AB653F321C1FAD81008C8AB3 /* Parse.framework in Frameworks */,
				AB653F331C1FAD81008C8AB3 /* ParseUI.framework in Frameworks */,
			);
			runOnlyForDeploymentPostprocessing = 0;
		};
		ABEFEF261C1C15DC00AD9EFF /* Frameworks */ = {
			isa = PBXFrameworksBuildPhase;
			buildActionMask = 2147483647;
			files = (
			);
			runOnlyForDeploymentPostprocessing = 0;
		};
		ABEFEF311C1C15DC00AD9EFF /* Frameworks */ = {
			isa = PBXFrameworksBuildPhase;
			buildActionMask = 2147483647;
			files = (
			);
			runOnlyForDeploymentPostprocessing = 0;
		};
/* End PBXFrameworksBuildPhase section */

/* Begin PBXGroup section */
		AB653F4A1C1FDCEE008C8AB3 /* loginSignupStoryboard */ = {
			isa = PBXGroup;
			children = (
				ABA446481C2377DF00B1A39F /* WelcomeViewController.swift */,
				ABA4464B1C23C92F00B1A39F /* MyLogInViewController.swift */,
				ABA4464D1C23CB0A00B1A39F /* MySignUpViewController.swift */,
			);
			name = loginSignupStoryboard;
			sourceTree = "<group>";
		};
		ABA4464A1C23C5D600B1A39F /* mainStoryboard */ = {
			isa = PBXGroup;
			children = (
				ABDB3C611C26801B00C1F7F2 /* more */,
				ABDB3C5C1C26705F00C1F7F2 /* newsfeed */,
				ABA446581C24EA2D00B1A39F /* position */,
				ABA446511C23FA0200B1A39F /* connections */,
				ABA4464F1C23E99A00B1A39F /* SettingsViewController.swift */,
				ABA4465D1C24FA7300B1A39F /* MainTabBarController.swift */,
			);
			name = mainStoryboard;
			sourceTree = "<group>";
		};
		ABA446511C23FA0200B1A39F /* connections */ = {
			isa = PBXGroup;
			children = (
				ABA446521C23FA0D00B1A39F /* ConnectionsTableViewCell.swift */,
				ABA446541C23FB0600B1A39F /* ConnectionsTableViewController.swift */,
			);
			name = connections;
			sourceTree = "<group>";
		};
		ABA446581C24EA2D00B1A39F /* position */ = {
			isa = PBXGroup;
			children = (
				ABAAC4D41C43351600CA20E0 /* PositionTableViewCell.swift */,
				ABAAC4D01C43347B00CA20E0 /* PositionTableViewController.swift */,
				ABC562A01C44F91A00566D88 /* PositionDetailTableViewController.swift */,
				ABAAC4D21C4334E400CA20E0 /* PositionDetailViewController.swift */,
				ABAAC4CE1C43330200CA20E0 /* PositionEditTableViewController.swift */,
				ABAAC4CC1C4332DA00CA20E0 /* Position.swift */,
			);
			name = position;
			sourceTree = "<group>";
		};
		ABDB3C571C24FE2300C1F7F2 /* Frameworks */ = {
			isa = PBXGroup;
			children = (
				AB653F461C1FAE3B008C8AB3 /* libsqlite3.tbd */,
				AB653F441C1FAE2B008C8AB3 /* libz.tbd */,
				AB653F421C1FAE20008C8AB3 /* SystemConfiguration.framework */,
				AB653F401C1FAE15008C8AB3 /* StoreKit.framework */,
				AB653F3E1C1FAE0C008C8AB3 /* Security.framework */,
				AB653F3C1C1FAE04008C8AB3 /* QuartzCore.framework */,
				AB653F3A1C1FADFA008C8AB3 /* CoreLocation.framework */,
				AB653F381C1FADF2008C8AB3 /* CoreGraphics.framework */,
				AB653F361C1FADE7008C8AB3 /* CFNetwork.framework */,
				AB653F341C1FADDB008C8AB3 /* AudioToolbox.framework */,
				AB653F2E1C1FAD81008C8AB3 /* Bolts.framework */,
				AB653F2F1C1FAD81008C8AB3 /* Parse.framework */,
				AB653F301C1FAD81008C8AB3 /* ParseUI.framework */,
			);
			name = Frameworks;
			sourceTree = "<group>";
		};
		ABDB3C5C1C26705F00C1F7F2 /* newsfeed */ = {
			isa = PBXGroup;
			children = (
				ABDB3C5F1C26721F00C1F7F2 /* NewsfeedTableViewCell.swift */,
				ABDB3C5D1C2670A100C1F7F2 /* NewsfeedTableViewController.swift */,
			);
			name = newsfeed;
			sourceTree = "<group>";
		};
		ABDB3C611C26801B00C1F7F2 /* more */ = {
			isa = PBXGroup;
			children = (
				ABDB3C641C2682B500C1F7F2 /* MoreTableViewCell.swift */,
				ABDB3C621C2682A800C1F7F2 /* MoreTableViewController.swift */,
				ABAAC4C81C41D89F00CA20E0 /* LogOutViewController.swift */,
				AB5A76E41C4599F900B89F27 /* ProfileViewController.swift */,
			);
			name = more;
			sourceTree = "<group>";
		};
		ABEFEF0C1C1C15DC00AD9EFF = {
			isa = PBXGroup;
			children = (
				ABDB3C571C24FE2300C1F7F2 /* Frameworks */,
				ABEFEF171C1C15DC00AD9EFF /* JobThirsty */,
				ABEFEF2C1C1C15DC00AD9EFF /* JobThirstyTests */,
				ABEFEF371C1C15DC00AD9EFF /* JobThirstyUITests */,
				ABEFEF161C1C15DC00AD9EFF /* Products */,
			);
			sourceTree = "<group>";
		};
		ABEFEF161C1C15DC00AD9EFF /* Products */ = {
			isa = PBXGroup;
			children = (
				ABEFEF151C1C15DC00AD9EFF /* JobThirsty.app */,
				ABEFEF291C1C15DC00AD9EFF /* JobThirstyTests.xctest */,
				ABEFEF341C1C15DC00AD9EFF /* JobThirstyUITests.xctest */,
			);
			name = Products;
			sourceTree = "<group>";
		};
		ABEFEF171C1C15DC00AD9EFF /* JobThirsty */ = {
			isa = PBXGroup;
			children = (
				ABEFEF181C1C15DC00AD9EFF /* AppDelegate.swift */,
				ABA446461C23777E00B1A39F /* Login.storyboard */,
				AB653F4A1C1FDCEE008C8AB3 /* loginSignupStoryboard */,
				ABEFEF1C1C1C15DC00AD9EFF /* Main.storyboard */,
				ABA4464A1C23C5D600B1A39F /* mainStoryboard */,
				ABEFEF1F1C1C15DC00AD9EFF /* Assets.xcassets */,
				ABEFEF211C1C15DC00AD9EFF /* LaunchScreen.storyboard */,
				ABEFEF241C1C15DC00AD9EFF /* Info.plist */,
			);
			path = JobThirsty;
			sourceTree = "<group>";
		};
		ABEFEF2C1C1C15DC00AD9EFF /* JobThirstyTests */ = {
			isa = PBXGroup;
			children = (
				ABEFEF2D1C1C15DC00AD9EFF /* JobThirstyTests.swift */,
				ABEFEF2F1C1C15DC00AD9EFF /* Info.plist */,
			);
			path = JobThirstyTests;
			sourceTree = "<group>";
		};
		ABEFEF371C1C15DC00AD9EFF /* JobThirstyUITests */ = {
			isa = PBXGroup;
			children = (
				ABEFEF381C1C15DC00AD9EFF /* JobThirstyUITests.swift */,
				ABEFEF3A1C1C15DC00AD9EFF /* Info.plist */,
			);
			path = JobThirstyUITests;
			sourceTree = "<group>";
		};
/* End PBXGroup section */

/* Begin PBXNativeTarget section */
		ABEFEF141C1C15DC00AD9EFF /* JobThirsty */ = {
			isa = PBXNativeTarget;
			buildConfigurationList = ABEFEF3D1C1C15DC00AD9EFF /* Build configuration list for PBXNativeTarget "JobThirsty" */;
			buildPhases = (
				ABEFEF111C1C15DC00AD9EFF /* Sources */,
				ABEFEF121C1C15DC00AD9EFF /* Frameworks */,
				ABEFEF131C1C15DC00AD9EFF /* Resources */,
			);
			buildRules = (
			);
			dependencies = (
			);
			name = JobThirsty;
			productName = JobThirsty;
			productReference = ABEFEF151C1C15DC00AD9EFF /* JobThirsty.app */;
			productType = "com.apple.product-type.application";
		};
		ABEFEF281C1C15DC00AD9EFF /* JobThirstyTests */ = {
			isa = PBXNativeTarget;
			buildConfigurationList = ABEFEF401C1C15DC00AD9EFF /* Build configuration list for PBXNativeTarget "JobThirstyTests" */;
			buildPhases = (
				ABEFEF251C1C15DC00AD9EFF /* Sources */,
				ABEFEF261C1C15DC00AD9EFF /* Frameworks */,
				ABEFEF271C1C15DC00AD9EFF /* Resources */,
			);
			buildRules = (
			);
			dependencies = (
				ABEFEF2B1C1C15DC00AD9EFF /* PBXTargetDependency */,
			);
			name = JobThirstyTests;
			productName = JobThirstyTests;
			productReference = ABEFEF291C1C15DC00AD9EFF /* JobThirstyTests.xctest */;
			productType = "com.apple.product-type.bundle.unit-test";
		};
		ABEFEF331C1C15DC00AD9EFF /* JobThirstyUITests */ = {
			isa = PBXNativeTarget;
			buildConfigurationList = ABEFEF431C1C15DC00AD9EFF /* Build configuration list for PBXNativeTarget "JobThirstyUITests" */;
			buildPhases = (
				ABEFEF301C1C15DC00AD9EFF /* Sources */,
				ABEFEF311C1C15DC00AD9EFF /* Frameworks */,
				ABEFEF321C1C15DC00AD9EFF /* Resources */,
			);
			buildRules = (
			);
			dependencies = (
				ABEFEF361C1C15DC00AD9EFF /* PBXTargetDependency */,
			);
			name = JobThirstyUITests;
			productName = JobThirstyUITests;
			productReference = ABEFEF341C1C15DC00AD9EFF /* JobThirstyUITests.xctest */;
			productType = "com.apple.product-type.bundle.ui-testing";
		};
/* End PBXNativeTarget section */

/* Begin PBXProject section */
		ABEFEF0D1C1C15DC00AD9EFF /* Project object */ = {
			isa = PBXProject;
			attributes = {
				LastSwiftUpdateCheck = 0720;
				LastUpgradeCheck = 0720;
				ORGANIZATIONNAME = "Amanda Berryhill";
				TargetAttributes = {
					ABEFEF141C1C15DC00AD9EFF = {
						CreatedOnToolsVersion = 7.2;
						DevelopmentTeam = BFHH72TMX6;
					};
					ABEFEF281C1C15DC00AD9EFF = {
						CreatedOnToolsVersion = 7.2;
						DevelopmentTeam = BFHH72TMX6;
						TestTargetID = ABEFEF141C1C15DC00AD9EFF;
					};
					ABEFEF331C1C15DC00AD9EFF = {
						CreatedOnToolsVersion = 7.2;
						DevelopmentTeam = BFHH72TMX6;
						TestTargetID = ABEFEF141C1C15DC00AD9EFF;
					};
				};
			};
			buildConfigurationList = ABEFEF101C1C15DC00AD9EFF /* Build configuration list for PBXProject "JobThirsty" */;
			compatibilityVersion = "Xcode 3.2";
			developmentRegion = English;
			hasScannedForEncodings = 0;
			knownRegions = (
				en,
				Base,
			);
			mainGroup = ABEFEF0C1C1C15DC00AD9EFF;
			productRefGroup = ABEFEF161C1C15DC00AD9EFF /* Products */;
			projectDirPath = "";
			projectRoot = "";
			targets = (
				ABEFEF141C1C15DC00AD9EFF /* JobThirsty */,
				ABEFEF281C1C15DC00AD9EFF /* JobThirstyTests */,
				ABEFEF331C1C15DC00AD9EFF /* JobThirstyUITests */,
			);
		};
/* End PBXProject section */

/* Begin PBXResourcesBuildPhase section */
		ABEFEF131C1C15DC00AD9EFF /* Resources */ = {
			isa = PBXResourcesBuildPhase;
			buildActionMask = 2147483647;
			files = (
				ABA446471C23777E00B1A39F /* Login.storyboard in Resources */,
				ABEFEF231C1C15DC00AD9EFF /* LaunchScreen.storyboard in Resources */,
				ABEFEF201C1C15DC00AD9EFF /* Assets.xcassets in Resources */,
				ABEFEF1E1C1C15DC00AD9EFF /* Main.storyboard in Resources */,
			);
			runOnlyForDeploymentPostprocessing = 0;
		};
		ABEFEF271C1C15DC00AD9EFF /* Resources */ = {
			isa = PBXResourcesBuildPhase;
			buildActionMask = 2147483647;
			files = (
			);
			runOnlyForDeploymentPostprocessing = 0;
		};
		ABEFEF321C1C15DC00AD9EFF /* Resources */ = {
			isa = PBXResourcesBuildPhase;
			buildActionMask = 2147483647;
			files = (
			);
			runOnlyForDeploymentPostprocessing = 0;
		};
/* End PBXResourcesBuildPhase section */

/* Begin PBXSourcesBuildPhase section */
		ABEFEF111C1C15DC00AD9EFF /* Sources */ = {
			isa = PBXSourcesBuildPhase;
			buildActionMask = 2147483647;
			files = (
				ABDB3C5E1C2670A100C1F7F2 /* NewsfeedTableViewController.swift in Sources */,
				ABAAC4D11C43347B00CA20E0 /* PositionTableViewController.swift in Sources */,
				AB5A76E51C4599F900B89F27 /* ProfileViewController.swift in Sources */,
				ABDB3C651C2682B500C1F7F2 /* MoreTableViewCell.swift in Sources */,
				ABA4464C1C23C92F00B1A39F /* MyLogInViewController.swift in Sources */,
				ABA446551C23FB0600B1A39F /* ConnectionsTableViewController.swift in Sources */,
				ABA4465E1C24FA7300B1A39F /* MainTabBarController.swift in Sources */,
				ABA446491C2377DF00B1A39F /* WelcomeViewController.swift in Sources */,
				ABDB3C601C26721F00C1F7F2 /* NewsfeedTableViewCell.swift in Sources */,
				ABAAC4C91C41D89F00CA20E0 /* LogOutViewController.swift in Sources */,
				ABAAC4CD1C4332DA00CA20E0 /* Position.swift in Sources */,
				ABAAC4D31C4334E400CA20E0 /* PositionDetailViewController.swift in Sources */,
				ABA4464E1C23CB0A00B1A39F /* MySignUpViewController.swift in Sources */,
				ABC562A11C44F91A00566D88 /* PositionDetailTableViewController.swift in Sources */,
				ABEFEF191C1C15DC00AD9EFF /* AppDelegate.swift in Sources */,
				ABDB3C631C2682A800C1F7F2 /* MoreTableViewController.swift in Sources */,
				ABAAC4CF1C43330200CA20E0 /* PositionEditTableViewController.swift in Sources */,
				ABA446531C23FA0D00B1A39F /* ConnectionsTableViewCell.swift in Sources */,
				ABAAC4D51C43351600CA20E0 /* PositionTableViewCell.swift in Sources */,
				ABA446501C23E99A00B1A39F /* SettingsViewController.swift in Sources */,
			);
			runOnlyForDeploymentPostprocessing = 0;
		};
		ABEFEF251C1C15DC00AD9EFF /* Sources */ = {
			isa = PBXSourcesBuildPhase;
			buildActionMask = 2147483647;
			files = (
				ABEFEF2E1C1C15DC00AD9EFF /* JobThirstyTests.swift in Sources */,
			);
			runOnlyForDeploymentPostprocessing = 0;
		};
		ABEFEF301C1C15DC00AD9EFF /* Sources */ = {
			isa = PBXSourcesBuildPhase;
			buildActionMask = 2147483647;
			files = (
				ABEFEF391C1C15DC00AD9EFF /* JobThirstyUITests.swift in Sources */,
			);
			runOnlyForDeploymentPostprocessing = 0;
		};
/* End PBXSourcesBuildPhase section */

/* Begin PBXTargetDependency section */
		ABEFEF2B1C1C15DC00AD9EFF /* PBXTargetDependency */ = {
			isa = PBXTargetDependency;
			target = ABEFEF141C1C15DC00AD9EFF /* JobThirsty */;
			targetProxy = ABEFEF2A1C1C15DC00AD9EFF /* PBXContainerItemProxy */;
		};
		ABEFEF361C1C15DC00AD9EFF /* PBXTargetDependency */ = {
			isa = PBXTargetDependency;
			target = ABEFEF141C1C15DC00AD9EFF /* JobThirsty */;
			targetProxy = ABEFEF351C1C15DC00AD9EFF /* PBXContainerItemProxy */;
		};
/* End PBXTargetDependency section */

/* Begin PBXVariantGroup section */
		ABEFEF1C1C1C15DC00AD9EFF /* Main.storyboard */ = {
			isa = PBXVariantGroup;
			children = (
				ABEFEF1D1C1C15DC00AD9EFF /* Base */,
			);
			name = Main.storyboard;
			sourceTree = "<group>";
		};
		ABEFEF211C1C15DC00AD9EFF /* LaunchScreen.storyboard */ = {
			isa = PBXVariantGroup;
			children = (
				ABEFEF221C1C15DC00AD9EFF /* Base */,
			);
			name = LaunchScreen.storyboard;
			sourceTree = "<group>";
		};
/* End PBXVariantGroup section */

/* Begin XCBuildConfiguration section */
		ABEFEF3B1C1C15DC00AD9EFF /* Debug */ = {
			isa = XCBuildConfiguration;
			buildSettings = {
				ALWAYS_SEARCH_USER_PATHS = NO;
				CLANG_CXX_LANGUAGE_STANDARD = "gnu++0x";
				CLANG_CXX_LIBRARY = "libc++";
				CLANG_ENABLE_MODULES = YES;
				CLANG_ENABLE_OBJC_ARC = YES;
				CLANG_WARN_BOOL_CONVERSION = YES;
				CLANG_WARN_CONSTANT_CONVERSION = YES;
				CLANG_WARN_DIRECT_OBJC_ISA_USAGE = YES_ERROR;
				CLANG_WARN_EMPTY_BODY = YES;
				CLANG_WARN_ENUM_CONVERSION = YES;
				CLANG_WARN_INT_CONVERSION = YES;
				CLANG_WARN_OBJC_ROOT_CLASS = YES_ERROR;
				CLANG_WARN_UNREACHABLE_CODE = YES;
				CLANG_WARN__DUPLICATE_METHOD_MATCH = YES;
				"CODE_SIGN_IDENTITY[sdk=iphoneos*]" = "iPhone Developer";
				COPY_PHASE_STRIP = NO;
				DEBUG_INFORMATION_FORMAT = dwarf;
				ENABLE_STRICT_OBJC_MSGSEND = YES;
				ENABLE_TESTABILITY = YES;
				GCC_C_LANGUAGE_STANDARD = gnu99;
				GCC_DYNAMIC_NO_PIC = NO;
				GCC_NO_COMMON_BLOCKS = YES;
				GCC_OPTIMIZATION_LEVEL = 0;
				GCC_PREPROCESSOR_DEFINITIONS = (
					"DEBUG=1",
					"$(inherited)",
				);
				GCC_WARN_64_TO_32_BIT_CONVERSION = YES;
				GCC_WARN_ABOUT_RETURN_TYPE = YES_ERROR;
				GCC_WARN_UNDECLARED_SELECTOR = YES;
				GCC_WARN_UNINITIALIZED_AUTOS = YES_AGGRESSIVE;
				GCC_WARN_UNUSED_FUNCTION = YES;
				GCC_WARN_UNUSED_VARIABLE = YES;
				IPHONEOS_DEPLOYMENT_TARGET = 9.2;
				MTL_ENABLE_DEBUG_INFO = YES;
				ONLY_ACTIVE_ARCH = YES;
				SDKROOT = iphoneos;
				SWIFT_OPTIMIZATION_LEVEL = "-Onone";
				TARGETED_DEVICE_FAMILY = "1,2";
			};
			name = Debug;
		};
		ABEFEF3C1C1C15DC00AD9EFF /* Release */ = {
			isa = XCBuildConfiguration;
			buildSettings = {
				ALWAYS_SEARCH_USER_PATHS = NO;
				CLANG_CXX_LANGUAGE_STANDARD = "gnu++0x";
				CLANG_CXX_LIBRARY = "libc++";
				CLANG_ENABLE_MODULES = YES;
				CLANG_ENABLE_OBJC_ARC = YES;
				CLANG_WARN_BOOL_CONVERSION = YES;
				CLANG_WARN_CONSTANT_CONVERSION = YES;
				CLANG_WARN_DIRECT_OBJC_ISA_USAGE = YES_ERROR;
				CLANG_WARN_EMPTY_BODY = YES;
				CLANG_WARN_ENUM_CONVERSION = YES;
				CLANG_WARN_INT_CONVERSION = YES;
				CLANG_WARN_OBJC_ROOT_CLASS = YES_ERROR;
				CLANG_WARN_UNREACHABLE_CODE = YES;
				CLANG_WARN__DUPLICATE_METHOD_MATCH = YES;
				"CODE_SIGN_IDENTITY[sdk=iphoneos*]" = "iPhone Developer";
				COPY_PHASE_STRIP = NO;
				DEBUG_INFORMATION_FORMAT = "dwarf-with-dsym";
				ENABLE_NS_ASSERTIONS = NO;
				ENABLE_STRICT_OBJC_MSGSEND = YES;
				GCC_C_LANGUAGE_STANDARD = gnu99;
				GCC_NO_COMMON_BLOCKS = YES;
				GCC_WARN_64_TO_32_BIT_CONVERSION = YES;
				GCC_WARN_ABOUT_RETURN_TYPE = YES_ERROR;
				GCC_WARN_UNDECLARED_SELECTOR = YES;
				GCC_WARN_UNINITIALIZED_AUTOS = YES_AGGRESSIVE;
				GCC_WARN_UNUSED_FUNCTION = YES;
				GCC_WARN_UNUSED_VARIABLE = YES;
				IPHONEOS_DEPLOYMENT_TARGET = 9.2;
				MTL_ENABLE_DEBUG_INFO = NO;
				SDKROOT = iphoneos;
				TARGETED_DEVICE_FAMILY = "1,2";
				VALIDATE_PRODUCT = YES;
			};
			name = Release;
		};
		ABEFEF3E1C1C15DC00AD9EFF /* Debug */ = {
			isa = XCBuildConfiguration;
			buildSettings = {
				ASSETCATALOG_COMPILER_APPICON_NAME = AppIcon;
				CODE_SIGN_IDENTITY = "iPhone Developer";
				FRAMEWORK_SEARCH_PATHS = (
					"$(inherited)",
					"$(PROJECT_DIR)",
				);
				INFOPLIST_FILE = JobThirsty/Info.plist;
				LD_RUNPATH_SEARCH_PATHS = "$(inherited) @executable_path/Frameworks";
				PRODUCT_BUNDLE_IDENTIFIER = berryhill.JobThirsty;
				PRODUCT_NAME = "$(TARGET_NAME)";
			};
			name = Debug;
		};
		ABEFEF3F1C1C15DC00AD9EFF /* Release */ = {
			isa = XCBuildConfiguration;
			buildSettings = {
				ASSETCATALOG_COMPILER_APPICON_NAME = AppIcon;
				CODE_SIGN_IDENTITY = "iPhone Developer";
				FRAMEWORK_SEARCH_PATHS = (
					"$(inherited)",
					"$(PROJECT_DIR)",
				);
				INFOPLIST_FILE = JobThirsty/Info.plist;
				LD_RUNPATH_SEARCH_PATHS = "$(inherited) @executable_path/Frameworks";
				PRODUCT_BUNDLE_IDENTIFIER = berryhill.JobThirsty;
				PRODUCT_NAME = "$(TARGET_NAME)";
			};
			name = Release;
		};
		ABEFEF411C1C15DC00AD9EFF /* Debug */ = {
			isa = XCBuildConfiguration;
			buildSettings = {
				BUNDLE_LOADER = "$(TEST_HOST)";
				INFOPLIST_FILE = JobThirstyTests/Info.plist;
				LD_RUNPATH_SEARCH_PATHS = "$(inherited) @executable_path/Frameworks @loader_path/Frameworks";
				PRODUCT_BUNDLE_IDENTIFIER = berryhill.JobThirstyTests;
				PRODUCT_NAME = "$(TARGET_NAME)";
				TEST_HOST = "$(BUILT_PRODUCTS_DIR)/JobThirsty.app/JobThirsty";
			};
			name = Debug;
		};
		ABEFEF421C1C15DC00AD9EFF /* Release */ = {
			isa = XCBuildConfiguration;
			buildSettings = {
				BUNDLE_LOADER = "$(TEST_HOST)";
				INFOPLIST_FILE = JobThirstyTests/Info.plist;
				LD_RUNPATH_SEARCH_PATHS = "$(inherited) @executable_path/Frameworks @loader_path/Frameworks";
				PRODUCT_BUNDLE_IDENTIFIER = berryhill.JobThirstyTests;
				PRODUCT_NAME = "$(TARGET_NAME)";
				TEST_HOST = "$(BUILT_PRODUCTS_DIR)/JobThirsty.app/JobThirsty";
			};
			name = Release;
		};
		ABEFEF441C1C15DC00AD9EFF /* Debug */ = {
			isa = XCBuildConfiguration;
			buildSettings = {
				INFOPLIST_FILE = JobThirstyUITests/Info.plist;
				LD_RUNPATH_SEARCH_PATHS = "$(inherited) @executable_path/Frameworks @loader_path/Frameworks";
				PRODUCT_BUNDLE_IDENTIFIER = berryhill.JobThirstyUITests;
				PRODUCT_NAME = "$(TARGET_NAME)";
				TEST_TARGET_NAME = JobThirsty;
				USES_XCTRUNNER = YES;
			};
			name = Debug;
		};
		ABEFEF451C1C15DC00AD9EFF /* Release */ = {
			isa = XCBuildConfiguration;
			buildSettings = {
				INFOPLIST_FILE = JobThirstyUITests/Info.plist;
				LD_RUNPATH_SEARCH_PATHS = "$(inherited) @executable_path/Frameworks @loader_path/Frameworks";
				PRODUCT_BUNDLE_IDENTIFIER = berryhill.JobThirstyUITests;
				PRODUCT_NAME = "$(TARGET_NAME)";
				TEST_TARGET_NAME = JobThirsty;
				USES_XCTRUNNER = YES;
			};
			name = Release;
		};
/* End XCBuildConfiguration section */

/* Begin XCConfigurationList section */
		ABEFEF101C1C15DC00AD9EFF /* Build configuration list for PBXProject "JobThirsty" */ = {
			isa = XCConfigurationList;
			buildConfigurations = (
				ABEFEF3B1C1C15DC00AD9EFF /* Debug */,
				ABEFEF3C1C1C15DC00AD9EFF /* Release */,
			);
			defaultConfigurationIsVisible = 0;
			defaultConfigurationName = Release;
		};
		ABEFEF3D1C1C15DC00AD9EFF /* Build configuration list for PBXNativeTarget "JobThirsty" */ = {
			isa = XCConfigurationList;
			buildConfigurations = (
				ABEFEF3E1C1C15DC00AD9EFF /* Debug */,
				ABEFEF3F1C1C15DC00AD9EFF /* Release */,
			);
			defaultConfigurationIsVisible = 0;
			defaultConfigurationName = Release;
		};
		ABEFEF401C1C15DC00AD9EFF /* Build configuration list for PBXNativeTarget "JobThirstyTests" */ = {
			isa = XCConfigurationList;
			buildConfigurations = (
				ABEFEF411C1C15DC00AD9EFF /* Debug */,
				ABEFEF421C1C15DC00AD9EFF /* Release */,
			);
			defaultConfigurationIsVisible = 0;
			defaultConfigurationName = Release;
		};
		ABEFEF431C1C15DC00AD9EFF /* Build configuration list for PBXNativeTarget "JobThirstyUITests" */ = {
			isa = XCConfigurationList;
			buildConfigurations = (
				ABEFEF441C1C15DC00AD9EFF /* Debug */,
				ABEFEF451C1C15DC00AD9EFF /* Release */,
			);
			defaultConfigurationIsVisible = 0;
			defaultConfigurationName = Release;
		};
/* End XCConfigurationList section */
	};
	rootObject = ABEFEF0D1C1C15DC00AD9EFF /* Project object */;
}
